
Microsoft Visual Studio Solution File, Format Version 12.00
# Visual Studio 14
VisualStudioVersion = 14.0.25420.1
MinimumVisualStudioVersion = 10.0.40219.1
Project("{FAE04EC0-301F-11D3-BF4B-00C04F79EFBC}") = "SayHello", "SayHello\SayHello.csproj", "{504E604F-8547-4AE2-9AC2-8648051F4DAC}"
EndProject
Project("{FAE04EC0-301F-11D3-BF4B-00C04F79EFBC}") = "ComplexTypes", "ComplexTypes\ComplexTypes.csproj", "{FB0F018C-0DB9-4A2B-9213-67C277F863EF}"
EndProject
Project("{FAE04EC0-301F-11D3-BF4B-00C04F79EFBC}") = "ContextPreview", "ContextPreview\ContextPreview.csproj", "{1167E13B-FB88-4B19-98D4-2B54202FA4E7}"
EndProject
Project("{FAE04EC0-301F-11D3-BF4B-00C04F79EFBC}") = "ModelFirstSample", "ModelFirstSample\ModelFirstSample.csproj", "{CC1551CF-EDF1-4352-98A5-DEE541C5E2CF}"
EndProject
Global
	GlobalSection(SolutionConfigurationPlatforms) = preSolution
		Debug|Any CPU = Debug|Any CPU
		Release|Any CPU = Release|Any CPU
	EndGlobalSection
	GlobalSection(ProjectConfigurationPlatforms) = postSolution
		{504E604F-8547-4AE2-9AC2-8648051F4DAC}.Debug|Any CPU.ActiveCfg = Debug|Any CPU
		{504E604F-8547-4AE2-9AC2-8648051F4DAC}.Release|Any CPU.ActiveCfg = Release|Any CPU
		{504E604F-8547-4AE2-9AC2-8648051F4DAC}.Release|Any CPU.Build.0 = Release|Any CPU
		{FB0F018C-0DB9-4A2B-9213-67C277F863EF}.Debug|Any CPU.ActiveCfg = Debug|Any CPU
		{FB0F018C-0DB9-4A2B-9213-67C277F863EF}.Debug|Any CPU.Build.0 = Debug|Any CPU
		{FB0F018C-0DB9-4A2B-9213-67C277F863EF}.Release|Any CPU.ActiveCfg = Release|Any CPU
		{FB0F018C-0DB9-4A2B-9213-67C277F863EF}.Release|Any CPU.Build.0 = Release|Any CPU
		{1167E13B-FB88-4B19-98D4-2B54202FA4E7}.Debug|Any CPU.ActiveCfg = Debug|Any CPU
		{1167E13B-FB88-4B19-98D4-2B54202FA4E7}.Debug|Any CPU.Build.0 = Debug|Any CPU
		{1167E13B-FB88-4B19-98D4-2B54202FA4E7}.Release|Any CPU.ActiveCfg = Release|Any CPU
		{1167E13B-FB88-4B19-98D4-2B54202FA4E7}.Release|Any CPU.Build.0 = Release|Any CPU
		{CC1551CF-EDF1-4352-98A5-DEE541C5E2CF}.Debug|Any CPU.ActiveCfg = Debug|Any CPU
		{CC1551CF-EDF1-4352-98A5-DEE541C5E2CF}.Debug|Any CPU.Build.0 = Debug|Any CPU
		{CC1551CF-EDF1-4352-98A5-DEE541C5E2CF}.Release|Any CPU.ActiveCfg = Release|Any CPU
		{CC1551CF-EDF1-4352-98A5-DEE541C5E2CF}.Release|Any CPU.Build.0 = Release|Any CPU
	EndGlobalSection
	GlobalSection(SolutionProperties) = preSolution
		HideSolutionNode = FALSE
	EndGlobalSection
	GlobalSection(ExtensibilityGlobals) = postSolution
		SolutionGuid = {AB30F687-5655-4256-8B90-E9E1653E3FAC}
	EndGlobalSection
EndGlobal
