
Microsoft Visual Studio Solution File, Format Version 12.00
# Visual Studio 14
VisualStudioVersion = 14.0.25420.1
MinimumVisualStudioVersion = 10.0.40219.1
Project("{FAE04EC0-301F-11D3-BF4B-00C04F79EFBC}") = "SayHello", "SayHello\SayHello.csproj", "{504E604F-8547-4AE2-9AC2-8648051F4DAC}"
EndProject
Project("{FAE04EC0-301F-11D3-BF4B-00C04F79EFBC}") = "ComplexTypes", "ComplexTypes\ComplexTypes.csproj", "{FB0F018C-0DB9-4A2B-9213-67C277F863EF}"
EndProject
Project("{FAE04EC0-301F-11D3-BF4B-00C04F79EFBC}") = "ContextPreview", "ContextPreview\ContextPreview.csproj", "{1167E13B-FB88-4B19-98D4-2B54202FA4E7}"
EndProject
Project("{FAE04EC0-301F-11D3-BF4B-00C04F79EFBC}") = "ModelFirstSample", "ModelFirstSample\ModelFirstSample.csproj", "{CC1551CF-EDF1-4352-98A5-DEE541C5E2CF}"
EndProject
Project("{FAE04EC0-301F-11D3-BF4B-00C04F79EFBC}") = "SampleCodeFirst.Model", "SampleCodeFirst.Model\SampleCodeFirst.Model.csproj", "{E7BDF86D-23E7-4F72-9875-FBBD0101EC90}"
EndProject
Project("{FAE04EC0-301F-11D3-BF4B-00C04F79EFBC}") = "SampleCodeFirst.DataAccess", "SampleCodeFirst.DataAccess\SampleCodeFirst.DataAccess.csproj", "{CAA2F454-65CC-4985-8BBE-F28E4B6A246E}"
EndProject
Project("{FAE04EC0-301F-11D3-BF4B-00C04F79EFBC}") = "SampleCodeFirst.Console", "SampleCodeFirst.Console\SampleCodeFirst.Console.csproj", "{3097DBF1-DB67-4E47-B184-1A033F9A5878}"
EndProject
Project("{FAE04EC0-301F-11D3-BF4B-00C04F79EFBC}") = "CodeFirstAnnotations", "CodeFirstAnnotations\CodeFirstAnnotations.csproj", "{133AD53F-8C29-40B8-86FA-ACB20F129128}"
EndProject
Project("{FAE04EC0-301F-11D3-BF4B-00C04F79EFBC}") = "CodeFirstMultipleRelationships", "CodeFirstMultipleRelationships\CodeFirstMultipleRelationships.csproj", "{3CD7F70D-B8A1-4BED-BD5D-3B76A4E7609B}"
EndProject
Global
	GlobalSection(SolutionConfigurationPlatforms) = preSolution
		Debug|Any CPU = Debug|Any CPU
		Release|Any CPU = Release|Any CPU
	EndGlobalSection
	GlobalSection(ProjectConfigurationPlatforms) = postSolution
		{504E604F-8547-4AE2-9AC2-8648051F4DAC}.Debug|Any CPU.ActiveCfg = Debug|Any CPU
		{504E604F-8547-4AE2-9AC2-8648051F4DAC}.Release|Any CPU.ActiveCfg = Release|Any CPU
		{504E604F-8547-4AE2-9AC2-8648051F4DAC}.Release|Any CPU.Build.0 = Release|Any CPU
		{FB0F018C-0DB9-4A2B-9213-67C277F863EF}.Debug|Any CPU.ActiveCfg = Debug|Any CPU
		{FB0F018C-0DB9-4A2B-9213-67C277F863EF}.Debug|Any CPU.Build.0 = Debug|Any CPU
		{FB0F018C-0DB9-4A2B-9213-67C277F863EF}.Release|Any CPU.ActiveCfg = Release|Any CPU
		{FB0F018C-0DB9-4A2B-9213-67C277F863EF}.Release|Any CPU.Build.0 = Release|Any CPU
		{1167E13B-FB88-4B19-98D4-2B54202FA4E7}.Debug|Any CPU.ActiveCfg = Debug|Any CPU
		{1167E13B-FB88-4B19-98D4-2B54202FA4E7}.Debug|Any CPU.Build.0 = Debug|Any CPU
		{1167E13B-FB88-4B19-98D4-2B54202FA4E7}.Release|Any CPU.ActiveCfg = Release|Any CPU
		{1167E13B-FB88-4B19-98D4-2B54202FA4E7}.Release|Any CPU.Build.0 = Release|Any CPU
		{CC1551CF-EDF1-4352-98A5-DEE541C5E2CF}.Debug|Any CPU.ActiveCfg = Debug|Any CPU
		{CC1551CF-EDF1-4352-98A5-DEE541C5E2CF}.Release|Any CPU.ActiveCfg = Release|Any CPU
		{CC1551CF-EDF1-4352-98A5-DEE541C5E2CF}.Release|Any CPU.Build.0 = Release|Any CPU
		{E7BDF86D-23E7-4F72-9875-FBBD0101EC90}.Debug|Any CPU.ActiveCfg = Debug|Any CPU
		{E7BDF86D-23E7-4F72-9875-FBBD0101EC90}.Debug|Any CPU.Build.0 = Debug|Any CPU
		{E7BDF86D-23E7-4F72-9875-FBBD0101EC90}.Release|Any CPU.ActiveCfg = Release|Any CPU
		{E7BDF86D-23E7-4F72-9875-FBBD0101EC90}.Release|Any CPU.Build.0 = Release|Any CPU
		{CAA2F454-65CC-4985-8BBE-F28E4B6A246E}.Debug|Any CPU.ActiveCfg = Debug|Any CPU
		{CAA2F454-65CC-4985-8BBE-F28E4B6A246E}.Debug|Any CPU.Build.0 = Debug|Any CPU
		{CAA2F454-65CC-4985-8BBE-F28E4B6A246E}.Release|Any CPU.ActiveCfg = Release|Any CPU
		{CAA2F454-65CC-4985-8BBE-F28E4B6A246E}.Release|Any CPU.Build.0 = Release|Any CPU
		{3097DBF1-DB67-4E47-B184-1A033F9A5878}.Debug|Any CPU.ActiveCfg = Debug|Any CPU
		{3097DBF1-DB67-4E47-B184-1A033F9A5878}.Debug|Any CPU.Build.0 = Debug|Any CPU
		{3097DBF1-DB67-4E47-B184-1A033F9A5878}.Release|Any CPU.ActiveCfg = Release|Any CPU
		{3097DBF1-DB67-4E47-B184-1A033F9A5878}.Release|Any CPU.Build.0 = Release|Any CPU
		{133AD53F-8C29-40B8-86FA-ACB20F129128}.Debug|Any CPU.ActiveCfg = Debug|Any CPU
		{133AD53F-8C29-40B8-86FA-ACB20F129128}.Debug|Any CPU.Build.0 = Debug|Any CPU
		{133AD53F-8C29-40B8-86FA-ACB20F129128}.Release|Any CPU.ActiveCfg = Release|Any CPU
		{133AD53F-8C29-40B8-86FA-ACB20F129128}.Release|Any CPU.Build.0 = Release|Any CPU
		{3CD7F70D-B8A1-4BED-BD5D-3B76A4E7609B}.Debug|Any CPU.ActiveCfg = Debug|Any CPU
		{3CD7F70D-B8A1-4BED-BD5D-3B76A4E7609B}.Debug|Any CPU.Build.0 = Debug|Any CPU
		{3CD7F70D-B8A1-4BED-BD5D-3B76A4E7609B}.Release|Any CPU.ActiveCfg = Release|Any CPU
		{3CD7F70D-B8A1-4BED-BD5D-3B76A4E7609B}.Release|Any CPU.Build.0 = Release|Any CPU
	EndGlobalSection
	GlobalSection(SolutionProperties) = preSolution
		HideSolutionNode = FALSE
	EndGlobalSection
	GlobalSection(ExtensibilityGlobals) = postSolution
		SolutionGuid = {AB30F687-5655-4256-8B90-E9E1653E3FAC}
	EndGlobalSection
EndGlobal
